{
  "name": "netlify-local-plugins",
  "version": "1.0.0",
  "lockfileVersion": 3,
  "requires": true,
  "packages": {
    "": {
      "name": "netlify-local-plugins",
      "version": "1.0.0",
      "license": "MIT",
      "dependencies": {
        "@netlify/plugin-nextjs": "5.3.0"
      }
    },
    "node_modules/@netlify/plugin-nextjs": {
      "version": "5.3.0",
      "resolved": "https://registry.npmjs.org/@netlify/plugin-nextjs/-/plugin-nextjs-5.3.0.tgz",
      "integrity": "sha512-fWsbejUsgsm/y7poir9/Fh/ZYPibPmHMGvuC8Jm6+oBnxt6QPCkir4yVs+A9Q2lFgER4bow1E/53P79dEPwVBQ==",
      "license": "MIT",
      "engines": {
        "node": ">=18.0.0"
      }
    }
  }
}
